# This file was autogenerated by Stack.
# You should not edit this file by hand.
# For more information, please see the documentation at:
#   https://docs.haskellstack.org/en/stable/lock_files

packages:
- completed:
    hackage: pbkdf-1.1.1.1@sha256:8d464cca917d723c65fe1a9f03e3b441e3f1bdbe4b72bf0f4e24a1e80ccfa326,2070
    pantry-tree:
      size: 521
      sha256: 6247df8d7f7d197b591e7103d8118b2e59e368eda2f8bc2e3b32992a57ec8b01
  original:
    hackage: pbkdf-1.1.1.1@sha256:8d464cca917d723c65fe1a9f03e3b441e3f1bdbe4b72bf0f4e24a1e80ccfa326,2070
snapshots:
- completed:
    size: 590102
    url: https://raw.githubusercontent.com/commercialhaskell/stackage-snapshots/master/lts/18/27.yaml
    sha256: 79a786674930a89301b0e908fad2822a48882f3d01486117693c377b8edffdbe
  original:
    url: https://raw.githubusercontent.com/commercialhaskell/stackage-snapshots/master/lts/18/27.yaml
